
Microsoft Visual Studio Solution File, Format Version 12.00
# Visual Studio Version 16
VisualStudioVersion = 25.0.1705.3
MinimumVisualStudioVersion = 10.0.40219.1
Project("{FAE04EC0-301F-11D3-BF4B-00C04F79EFBC}") = "bookingTestTask", "bookingTestTask.csproj", "{C8AFE98D-E456-4594-8C5C-2AC63B467C70}"
EndProject
Global
	GlobalSection(SolutionConfigurationPlatforms) = preSolution
		Debug|Any CPU = Debug|Any CPU
		Release|Any CPU = Release|Any CPU
	EndGlobalSection
	GlobalSection(ProjectConfigurationPlatforms) = postSolution
		{C8AFE98D-E456-4594-8C5C-2AC63B467C70}.Debug|Any CPU.ActiveCfg = Debug|Any CPU
		{C8AFE98D-E456-4594-8C5C-2AC63B467C70}.Debug|Any CPU.Build.0 = Debug|Any CPU
		{C8AFE98D-E456-4594-8C5C-2AC63B467C70}.Release|Any CPU.ActiveCfg = Release|Any CPU
		{C8AFE98D-E456-4594-8C5C-2AC63B467C70}.Release|Any CPU.Build.0 = Release|Any CPU
	EndGlobalSection
	GlobalSection(SolutionProperties) = preSolution
		HideSolutionNode = FALSE
	EndGlobalSection
	GlobalSection(ExtensibilityGlobals) = postSolution
		SolutionGuid = {11BFA7C6-333C-4CF4-9D34-136A6B217D70}
	EndGlobalSection
EndGlobal
